
Microsoft Visual Studio Solution File, Format Version 12.00
# Visual Studio Version 16
VisualStudioVersion = 16.0.30907.101
MinimumVisualStudioVersion = 10.0.40219.1
Project("{FAE04EC0-301F-11D3-BF4B-00C04F79EFBC}") = "ContactSaver", "ContactSaver\ContactSaver.csproj", "{40D81FB4-EEC5-49A9-8285-F991F4E3A710}"
EndProject
Global
	GlobalSection(SolutionConfigurationPlatforms) = preSolution
		Debug|Any CPU = Debug|Any CPU
		Release|Any CPU = Release|Any CPU
	EndGlobalSection
	GlobalSection(ProjectConfigurationPlatforms) = postSolution
		{40D81FB4-EEC5-49A9-8285-F991F4E3A710}.Debug|Any CPU.ActiveCfg = Debug|Any CPU
		{40D81FB4-EEC5-49A9-8285-F991F4E3A710}.Debug|Any CPU.Build.0 = Debug|Any CPU
		{40D81FB4-EEC5-49A9-8285-F991F4E3A710}.Release|Any CPU.ActiveCfg = Release|Any CPU
		{40D81FB4-EEC5-49A9-8285-F991F4E3A710}.Release|Any CPU.Build.0 = Release|Any CPU
	EndGlobalSection
	GlobalSection(SolutionProperties) = preSolution
		HideSolutionNode = FALSE
	EndGlobalSection
	GlobalSection(ExtensibilityGlobals) = postSolution
		SolutionGuid = {48A9E412-5F50-4970-8DCD-AEDC9BB7D2DD}
	EndGlobalSection
EndGlobal
